
Microsoft Visual Studio Solution File, Format Version 12.00
# Visual Studio Version 16
VisualStudioVersion = 16.0.31313.79
MinimumVisualStudioVersion = 10.0.40219.1
Project("{FAE04EC0-301F-11D3-BF4B-00C04F79EFBC}") = "ThemeManager10x", "ThemeManager10x\ThemeManager10x.csproj", "{612746C6-CED1-40E6-8E8B-1A8565700C00}"
EndProject
Project("{FAE04EC0-301F-11D3-BF4B-00C04F79EFBC}") = "tm", "tm\tm.csproj", "{28C37214-9C9C-4893-ACB2-AD908E3B9EDF}"
EndProject
Project("{FAE04EC0-301F-11D3-BF4B-00C04F79EFBC}") = "tmpro", "tmpro\tmpro.csproj", "{7EDEAF5B-1192-49BF-BA82-EDF9F9A78740}"
EndProject
Project("{FAE04EC0-301F-11D3-BF4B-00C04F79EFBC}") = "ArcGis10x", "ArcGis10x\ArcGis10x.csproj", "{27CA5CF4-3A56-4EFB-8DAF-293B365CAC4A}"
EndProject
Project("{FAE04EC0-301F-11D3-BF4B-00C04F79EFBC}") = "NoGis", "NoGis\NoGis.csproj", "{21C2E0F2-5F64-4378-B12C-B5097DCC1AA0}"
EndProject
Project("{FAE04EC0-301F-11D3-BF4B-00C04F79EFBC}") = "ArcGisPro", "ArcGisPro\ArcGisPro.csproj", "{38BB4CE3-56CA-4B50-A8EA-6682A5D4CEF2}"
EndProject
Project("{FAE04EC0-301F-11D3-BF4B-00C04F79EFBC}") = "ThemeManagerNoGis", "ThemeManagerNoGis\ThemeManagerNoGis.csproj", "{05F6626B-55C1-405A-8FBE-4DBD715E4035}"
EndProject
Global
	GlobalSection(SolutionConfigurationPlatforms) = preSolution
		Debug|Any CPU = Debug|Any CPU
		Debug|x86 = Debug|x86
		Release|Any CPU = Release|Any CPU
		Release|x86 = Release|x86
	EndGlobalSection
	GlobalSection(ProjectConfigurationPlatforms) = postSolution
		{612746C6-CED1-40E6-8E8B-1A8565700C00}.Debug|Any CPU.ActiveCfg = Debug|Any CPU
		{612746C6-CED1-40E6-8E8B-1A8565700C00}.Debug|Any CPU.Build.0 = Debug|Any CPU
		{612746C6-CED1-40E6-8E8B-1A8565700C00}.Debug|x86.ActiveCfg = Debug|x86
		{612746C6-CED1-40E6-8E8B-1A8565700C00}.Debug|x86.Build.0 = Debug|x86
		{612746C6-CED1-40E6-8E8B-1A8565700C00}.Release|Any CPU.ActiveCfg = Release|Any CPU
		{612746C6-CED1-40E6-8E8B-1A8565700C00}.Release|Any CPU.Build.0 = Release|Any CPU
		{612746C6-CED1-40E6-8E8B-1A8565700C00}.Release|x86.ActiveCfg = Release|x86
		{612746C6-CED1-40E6-8E8B-1A8565700C00}.Release|x86.Build.0 = Release|x86
		{28C37214-9C9C-4893-ACB2-AD908E3B9EDF}.Debug|Any CPU.ActiveCfg = Debug|Any CPU
		{28C37214-9C9C-4893-ACB2-AD908E3B9EDF}.Debug|Any CPU.Build.0 = Debug|Any CPU
		{28C37214-9C9C-4893-ACB2-AD908E3B9EDF}.Debug|x86.ActiveCfg = Debug|Any CPU
		{28C37214-9C9C-4893-ACB2-AD908E3B9EDF}.Debug|x86.Build.0 = Debug|Any CPU
		{28C37214-9C9C-4893-ACB2-AD908E3B9EDF}.Release|Any CPU.ActiveCfg = Release|Any CPU
		{28C37214-9C9C-4893-ACB2-AD908E3B9EDF}.Release|Any CPU.Build.0 = Release|Any CPU
		{28C37214-9C9C-4893-ACB2-AD908E3B9EDF}.Release|x86.ActiveCfg = Release|Any CPU
		{28C37214-9C9C-4893-ACB2-AD908E3B9EDF}.Release|x86.Build.0 = Release|Any CPU
		{7EDEAF5B-1192-49BF-BA82-EDF9F9A78740}.Debug|Any CPU.ActiveCfg = Debug|Any CPU
		{7EDEAF5B-1192-49BF-BA82-EDF9F9A78740}.Debug|Any CPU.Build.0 = Debug|Any CPU
		{7EDEAF5B-1192-49BF-BA82-EDF9F9A78740}.Debug|x86.ActiveCfg = Debug|Any CPU
		{7EDEAF5B-1192-49BF-BA82-EDF9F9A78740}.Debug|x86.Build.0 = Debug|Any CPU
		{7EDEAF5B-1192-49BF-BA82-EDF9F9A78740}.Release|Any CPU.ActiveCfg = Release|Any CPU
		{7EDEAF5B-1192-49BF-BA82-EDF9F9A78740}.Release|Any CPU.Build.0 = Release|Any CPU
		{7EDEAF5B-1192-49BF-BA82-EDF9F9A78740}.Release|x86.ActiveCfg = Release|Any CPU
		{7EDEAF5B-1192-49BF-BA82-EDF9F9A78740}.Release|x86.Build.0 = Release|Any CPU
		{27CA5CF4-3A56-4EFB-8DAF-293B365CAC4A}.Debug|Any CPU.ActiveCfg = Debug|Any CPU
		{27CA5CF4-3A56-4EFB-8DAF-293B365CAC4A}.Debug|Any CPU.Build.0 = Debug|Any CPU
		{27CA5CF4-3A56-4EFB-8DAF-293B365CAC4A}.Debug|x86.ActiveCfg = Debug|Any CPU
		{27CA5CF4-3A56-4EFB-8DAF-293B365CAC4A}.Debug|x86.Build.0 = Debug|Any CPU
		{27CA5CF4-3A56-4EFB-8DAF-293B365CAC4A}.Release|Any CPU.ActiveCfg = Release|Any CPU
		{27CA5CF4-3A56-4EFB-8DAF-293B365CAC4A}.Release|Any CPU.Build.0 = Release|Any CPU
		{27CA5CF4-3A56-4EFB-8DAF-293B365CAC4A}.Release|x86.ActiveCfg = Release|Any CPU
		{27CA5CF4-3A56-4EFB-8DAF-293B365CAC4A}.Release|x86.Build.0 = Release|Any CPU
		{21C2E0F2-5F64-4378-B12C-B5097DCC1AA0}.Debug|Any CPU.ActiveCfg = Debug|Any CPU
		{21C2E0F2-5F64-4378-B12C-B5097DCC1AA0}.Debug|Any CPU.Build.0 = Debug|Any CPU
		{21C2E0F2-5F64-4378-B12C-B5097DCC1AA0}.Debug|x86.ActiveCfg = Debug|Any CPU
		{21C2E0F2-5F64-4378-B12C-B5097DCC1AA0}.Debug|x86.Build.0 = Debug|Any CPU
		{21C2E0F2-5F64-4378-B12C-B5097DCC1AA0}.Release|Any CPU.ActiveCfg = Release|Any CPU
		{21C2E0F2-5F64-4378-B12C-B5097DCC1AA0}.Release|Any CPU.Build.0 = Release|Any CPU
		{21C2E0F2-5F64-4378-B12C-B5097DCC1AA0}.Release|x86.ActiveCfg = Release|Any CPU
		{21C2E0F2-5F64-4378-B12C-B5097DCC1AA0}.Release|x86.Build.0 = Release|Any CPU
		{38BB4CE3-56CA-4B50-A8EA-6682A5D4CEF2}.Debug|Any CPU.ActiveCfg = Debug|Any CPU
		{38BB4CE3-56CA-4B50-A8EA-6682A5D4CEF2}.Debug|Any CPU.Build.0 = Debug|Any CPU
		{38BB4CE3-56CA-4B50-A8EA-6682A5D4CEF2}.Debug|x86.ActiveCfg = Debug|Any CPU
		{38BB4CE3-56CA-4B50-A8EA-6682A5D4CEF2}.Debug|x86.Build.0 = Debug|Any CPU
		{38BB4CE3-56CA-4B50-A8EA-6682A5D4CEF2}.Release|Any CPU.ActiveCfg = Release|Any CPU
		{38BB4CE3-56CA-4B50-A8EA-6682A5D4CEF2}.Release|Any CPU.Build.0 = Release|Any CPU
		{38BB4CE3-56CA-4B50-A8EA-6682A5D4CEF2}.Release|x86.ActiveCfg = Release|Any CPU
		{38BB4CE3-56CA-4B50-A8EA-6682A5D4CEF2}.Release|x86.Build.0 = Release|Any CPU
		{05F6626B-55C1-405A-8FBE-4DBD715E4035}.Debug|Any CPU.ActiveCfg = Debug|Any CPU
		{05F6626B-55C1-405A-8FBE-4DBD715E4035}.Debug|Any CPU.Build.0 = Debug|Any CPU
		{05F6626B-55C1-405A-8FBE-4DBD715E4035}.Debug|x86.ActiveCfg = Debug|Any CPU
		{05F6626B-55C1-405A-8FBE-4DBD715E4035}.Debug|x86.Build.0 = Debug|Any CPU
		{05F6626B-55C1-405A-8FBE-4DBD715E4035}.Release|Any CPU.ActiveCfg = Release|Any CPU
		{05F6626B-55C1-405A-8FBE-4DBD715E4035}.Release|Any CPU.Build.0 = Release|Any CPU
		{05F6626B-55C1-405A-8FBE-4DBD715E4035}.Release|x86.ActiveCfg = Release|Any CPU
		{05F6626B-55C1-405A-8FBE-4DBD715E4035}.Release|x86.Build.0 = Release|Any CPU
	EndGlobalSection
	GlobalSection(SolutionProperties) = preSolution
		HideSolutionNode = FALSE
	EndGlobalSection
	GlobalSection(ExtensibilityGlobals) = postSolution
		SolutionGuid = {7BD8F5C6-C743-4895-9031-DEBA01FD4541}
	EndGlobalSection
EndGlobal
